
Microsoft Visual Studio Solution File, Format Version 12.00
# Visual Studio Version 17
VisualStudioVersion = 17.0.31903.59
MinimumVisualStudioVersion = 10.0.40219.1
Project("{2150E333-8FDC-42A3-9474-1A3956D46DE8}") = "src", "src", "{83C28BF9-8C64-4A6B-A77A-A73AB9EC5AF3}"
EndProject
Project("{FAE04EC0-301F-11D3-BF4B-00C04F79EFBC}") = "Sundry.ProblemOr", "src\Sundry.ProblemOr.csproj", "{AE65495B-8634-4048-AC98-CE83FC6794EA}"
EndProject
Project("{2150E333-8FDC-42A3-9474-1A3956D46DE8}") = "test", "test", "{913EBC9D-379C-485E-8BFC-749D377CEED3}"
EndProject
Global
	GlobalSection(SolutionConfigurationPlatforms) = preSolution
		Debug|Any CPU = Debug|Any CPU
		Release|Any CPU = Release|Any CPU
	EndGlobalSection
	GlobalSection(SolutionProperties) = preSolution
		HideSolutionNode = FALSE
	EndGlobalSection
	GlobalSection(ProjectConfigurationPlatforms) = postSolution
		{AE65495B-8634-4048-AC98-CE83FC6794EA}.Debug|Any CPU.ActiveCfg = Debug|Any CPU
		{AE65495B-8634-4048-AC98-CE83FC6794EA}.Debug|Any CPU.Build.0 = Debug|Any CPU
		{AE65495B-8634-4048-AC98-CE83FC6794EA}.Release|Any CPU.ActiveCfg = Release|Any CPU
		{AE65495B-8634-4048-AC98-CE83FC6794EA}.Release|Any CPU.Build.0 = Release|Any CPU
	EndGlobalSection
	GlobalSection(NestedProjects) = preSolution
		{AE65495B-8634-4048-AC98-CE83FC6794EA} = {83C28BF9-8C64-4A6B-A77A-A73AB9EC5AF3}
	EndGlobalSection
EndGlobal
